// !$*UTF8*$!
{
	archiveVersion = 1;
	classes = {
	};
	objectVersion = 56;
	objects = {

/* Begin PBXBuildFile section */
		D98D332728E2EBE900397411 /* GitHubAppApp.swift in Sources */ = {isa = PBXBuildFile; fileRef = D98D332628E2EBE900397411 /* GitHubAppApp.swift */; };
		D98D332B28E2EBEB00397411 /* Assets.xcassets in Resources */ = {isa = PBXBuildFile; fileRef = D98D332A28E2EBEB00397411 /* Assets.xcassets */; };
		D98D332E28E2EBEB00397411 /* Preview Assets.xcassets in Resources */ = {isa = PBXBuildFile; fileRef = D98D332D28E2EBEB00397411 /* Preview Assets.xcassets */; };
		D98D333828E2EBEB00397411 /* GitHubAppTests.swift in Sources */ = {isa = PBXBuildFile; fileRef = D98D333728E2EBEB00397411 /* GitHubAppTests.swift */; };
		D98D334228E2EBEB00397411 /* GitHubAppUITests.swift in Sources */ = {isa = PBXBuildFile; fileRef = D98D334128E2EBEB00397411 /* GitHubAppUITests.swift */; };
		D98D334428E2EBEB00397411 /* GitHubAppUITestsLaunchTests.swift in Sources */ = {isa = PBXBuildFile; fileRef = D98D334328E2EBEB00397411 /* GitHubAppUITestsLaunchTests.swift */; };
		D98D335128E2F17100397411 /* GitHubRepository.swift in Sources */ = {isa = PBXBuildFile; fileRef = D98D335028E2F17100397411 /* GitHubRepository.swift */; };
		D98D335328E3038A00397411 /* GitHubView.swift in Sources */ = {isa = PBXBuildFile; fileRef = D98D335228E3038A00397411 /* GitHubView.swift */; };
		D9F8EE9D2B063CA3007EDFB5 /* GitHub.swift in Sources */ = {isa = PBXBuildFile; fileRef = D9F8EE9C2B063CA3007EDFB5 /* GitHub.swift */; };
		D9F8EEA22B063EF8007EDFB5 /* GitHubViewModel.swift in Sources */ = {isa = PBXBuildFile; fileRef = D9F8EEA12B063EF8007EDFB5 /* GitHubViewModel.swift */; };
/* End PBXBuildFile section */

/* Begin PBXContainerItemProxy section */
		D98D333428E2EBEB00397411 /* PBXContainerItemProxy */ = {
			isa = PBXContainerItemProxy;
			containerPortal = D98D331B28E2EBE900397411 /* Project object */;
			proxyType = 1;
			remoteGlobalIDString = D98D332228E2EBE900397411;
			remoteInfo = GitHubApp;
		};
		D98D333E28E2EBEB00397411 /* PBXContainerItemProxy */ = {
			isa = PBXContainerItemProxy;
			containerPortal = D98D331B28E2EBE900397411 /* Project object */;
			proxyType = 1;
			remoteGlobalIDString = D98D332228E2EBE900397411;
			remoteInfo = GitHubApp;
		};
/* End PBXContainerItemProxy section */

/* Begin PBXFileReference section */
		D98D332328E2EBE900397411 /* GitHubApp.app */ = {isa = PBXFileReference; explicitFileType = wrapper.application; includeInIndex = 0; path = GitHubApp.app; sourceTree = BUILT_PRODUCTS_DIR; };
		D98D332628E2EBE900397411 /* GitHubAppApp.swift */ = {isa = PBXFileReference; lastKnownFileType = sourcecode.swift; path = GitHubAppApp.swift; sourceTree = "<group>"; };
		D98D332A28E2EBEB00397411 /* Assets.xcassets */ = {isa = PBXFileReference; lastKnownFileType = folder.assetcatalog; path = Assets.xcassets; sourceTree = "<group>"; };
		D98D332D28E2EBEB00397411 /* Preview Assets.xcassets */ = {isa = PBXFileReference; lastKnownFileType = folder.assetcatalog; path = "Preview Assets.xcassets"; sourceTree = "<group>"; };
		D98D333328E2EBEB00397411 /* GitHubAppTests.xctest */ = {isa = PBXFileReference; explicitFileType = wrapper.cfbundle; includeInIndex = 0; path = GitHubAppTests.xctest; sourceTree = BUILT_PRODUCTS_DIR; };
		D98D333728E2EBEB00397411 /* GitHubAppTests.swift */ = {isa = PBXFileReference; lastKnownFileType = sourcecode.swift; path = GitHubAppTests.swift; sourceTree = "<group>"; };
		D98D333D28E2EBEB00397411 /* GitHubAppUITests.xctest */ = {isa = PBXFileReference; explicitFileType = wrapper.cfbundle; includeInIndex = 0; path = GitHubAppUITests.xctest; sourceTree = BUILT_PRODUCTS_DIR; };
		D98D334128E2EBEB00397411 /* GitHubAppUITests.swift */ = {isa = PBXFileReference; lastKnownFileType = sourcecode.swift; path = GitHubAppUITests.swift; sourceTree = "<group>"; };
		D98D334328E2EBEB00397411 /* GitHubAppUITestsLaunchTests.swift */ = {isa = PBXFileReference; lastKnownFileType = sourcecode.swift; path = GitHubAppUITestsLaunchTests.swift; sourceTree = "<group>"; };
		D98D335028E2F17100397411 /* GitHubRepository.swift */ = {isa = PBXFileReference; lastKnownFileType = sourcecode.swift; path = GitHubRepository.swift; sourceTree = "<group>"; };
		D98D335228E3038A00397411 /* GitHubView.swift */ = {isa = PBXFileReference; lastKnownFileType = sourcecode.swift; path = GitHubView.swift; sourceTree = "<group>"; };
		D9F8EE9C2B063CA3007EDFB5 /* GitHub.swift */ = {isa = PBXFileReference; lastKnownFileType = sourcecode.swift; path = GitHub.swift; sourceTree = "<group>"; };
		D9F8EEA12B063EF8007EDFB5 /* GitHubViewModel.swift */ = {isa = PBXFileReference; lastKnownFileType = sourcecode.swift; path = GitHubViewModel.swift; sourceTree = "<group>"; };
/* End PBXFileReference section */

/* Begin PBXFrameworksBuildPhase section */
		D98D332028E2EBE900397411 /* Frameworks */ = {
			isa = PBXFrameworksBuildPhase;
			buildActionMask = 2147483647;
			files = (
			);
			runOnlyForDeploymentPostprocessing = 0;
		};
		D98D333028E2EBEB00397411 /* Frameworks */ = {
			isa = PBXFrameworksBuildPhase;
			buildActionMask = 2147483647;
			files = (
			);
			runOnlyForDeploymentPostprocessing = 0;
		};
		D98D333A28E2EBEB00397411 /* Frameworks */ = {
			isa = PBXFrameworksBuildPhase;
			buildActionMask = 2147483647;
			files = (
			);
			runOnlyForDeploymentPostprocessing = 0;
		};
/* End PBXFrameworksBuildPhase section */

/* Begin PBXGroup section */
		D98D331A28E2EBE900397411 = {
			isa = PBXGroup;
			children = (
				D98D332528E2EBE900397411 /* GitHubApp */,
				D98D333628E2EBEB00397411 /* GitHubAppTests */,
				D98D334028E2EBEB00397411 /* GitHubAppUITests */,
				D98D332428E2EBE900397411 /* Products */,
			);
			sourceTree = "<group>";
		};
		D98D332428E2EBE900397411 /* Products */ = {
			isa = PBXGroup;
			children = (
				D98D332328E2EBE900397411 /* GitHubApp.app */,
				D98D333328E2EBEB00397411 /* GitHubAppTests.xctest */,
				D98D333D28E2EBEB00397411 /* GitHubAppUITests.xctest */,
			);
			name = Products;
			sourceTree = "<group>";
		};
		D98D332528E2EBE900397411 /* GitHubApp */ = {
			isa = PBXGroup;
			children = (
				D98D332628E2EBE900397411 /* GitHubAppApp.swift */,
				D9F8EE9B2B063C96007EDFB5 /* Model */,
				D9F8EE9E2B063CBD007EDFB5 /* View */,
				D9F8EE9F2B063CC3007EDFB5 /* ViewModel */,
				D9F8EEA02B063CC8007EDFB5 /* Repository */,
				D98D332A28E2EBEB00397411 /* Assets.xcassets */,
				D98D332C28E2EBEB00397411 /* Preview Content */,
			);
			path = GitHubApp;
			sourceTree = "<group>";
		};
		D98D332C28E2EBEB00397411 /* Preview Content */ = {
			isa = PBXGroup;
			children = (
				D98D332D28E2EBEB00397411 /* Preview Assets.xcassets */,
			);
			path = "Preview Content";
			sourceTree = "<group>";
		};
		D98D333628E2EBEB00397411 /* GitHubAppTests */ = {
			isa = PBXGroup;
			children = (
				D98D333728E2EBEB00397411 /* GitHubAppTests.swift */,
			);
			path = GitHubAppTests;
			sourceTree = "<group>";
		};
		D98D334028E2EBEB00397411 /* GitHubAppUITests */ = {
			isa = PBXGroup;
			children = (
				D98D334128E2EBEB00397411 /* GitHubAppUITests.swift */,
				D98D334328E2EBEB00397411 /* GitHubAppUITestsLaunchTests.swift */,
			);
			path = GitHubAppUITests;
			sourceTree = "<group>";
		};
		D9F8EE9B2B063C96007EDFB5 /* Model */ = {
			isa = PBXGroup;
			children = (
				D9F8EE9C2B063CA3007EDFB5 /* GitHub.swift */,
			);
			path = Model;
			sourceTree = "<group>";
		};
		D9F8EE9E2B063CBD007EDFB5 /* View */ = {
			isa = PBXGroup;
			children = (
				D98D335228E3038A00397411 /* GitHubView.swift */,
			);
			path = View;
			sourceTree = "<group>";
		};
		D9F8EE9F2B063CC3007EDFB5 /* ViewModel */ = {
			isa = PBXGroup;
			children = (
				D9F8EEA12B063EF8007EDFB5 /* GitHubViewModel.swift */,
			);
			path = ViewModel;
			sourceTree = "<group>";
		};
		D9F8EEA02B063CC8007EDFB5 /* Repository */ = {
			isa = PBXGroup;
			children = (
				D98D335028E2F17100397411 /* GitHubRepository.swift */,
			);
			path = Repository;
			sourceTree = "<group>";
		};
/* End PBXGroup section */

/* Begin PBXNativeTarget section */
		D98D332228E2EBE900397411 /* GitHubApp */ = {
			isa = PBXNativeTarget;
			buildConfigurationList = D98D334728E2EBEB00397411 /* Build configuration list for PBXNativeTarget "GitHubApp" */;
			buildPhases = (
				D98D331F28E2EBE900397411 /* Sources */,
				D98D332028E2EBE900397411 /* Frameworks */,
				D98D332128E2EBE900397411 /* Resources */,
			);
			buildRules = (
			);
			dependencies = (
			);
			name = GitHubApp;
			productName = GitHubApp;
			productReference = D98D332328E2EBE900397411 /* GitHubApp.app */;
			productType = "com.apple.product-type.application";
		};
		D98D333228E2EBEB00397411 /* GitHubAppTests */ = {
			isa = PBXNativeTarget;
			buildConfigurationList = D98D334A28E2EBEB00397411 /* Build configuration list for PBXNativeTarget "GitHubAppTests" */;
			buildPhases = (
				D98D332F28E2EBEB00397411 /* Sources */,
				D98D333028E2EBEB00397411 /* Frameworks */,
				D98D333128E2EBEB00397411 /* Resources */,
			);
			buildRules = (
			);
			dependencies = (
				D98D333528E2EBEB00397411 /* PBXTargetDependency */,
			);
			name = GitHubAppTests;
			productName = GitHubAppTests;
			productReference = D98D333328E2EBEB00397411 /* GitHubAppTests.xctest */;
			productType = "com.apple.product-type.bundle.unit-test";
		};
		D98D333C28E2EBEB00397411 /* GitHubAppUITests */ = {
			isa = PBXNativeTarget;
			buildConfigurationList = D98D334D28E2EBEB00397411 /* Build configuration list for PBXNativeTarget "GitHubAppUITests" */;
			buildPhases = (
				D98D333928E2EBEB00397411 /* Sources */,
				D98D333A28E2EBEB00397411 /* Frameworks */,
				D98D333B28E2EBEB00397411 /* Resources */,
			);
			buildRules = (
			);
			dependencies = (
				D98D333F28E2EBEB00397411 /* PBXTargetDependency */,
			);
			name = GitHubAppUITests;
			productName = GitHubAppUITests;
			productReference = D98D333D28E2EBEB00397411 /* GitHubAppUITests.xctest */;
			productType = "com.apple.product-type.bundle.ui-testing";
		};
/* End PBXNativeTarget section */

/* Begin PBXProject section */
		D98D331B28E2EBE900397411 /* Project object */ = {
			isa = PBXProject;
			attributes = {
				BuildIndependentTargetsInParallel = 1;
				LastSwiftUpdateCheck = 1400;
				LastUpgradeCheck = 1500;
				TargetAttributes = {
					D98D332228E2EBE900397411 = {
						CreatedOnToolsVersion = 14.0;
					};
					D98D333228E2EBEB00397411 = {
						CreatedOnToolsVersion = 14.0;
						TestTargetID = D98D332228E2EBE900397411;
					};
					D98D333C28E2EBEB00397411 = {
						CreatedOnToolsVersion = 14.0;
						TestTargetID = D98D332228E2EBE900397411;
					};
				};
			};
			buildConfigurationList = D98D331E28E2EBE900397411 /* Build configuration list for PBXProject "GitHubApp" */;
			compatibilityVersion = "Xcode 14.0";
			developmentRegion = en;
			hasScannedForEncodings = 0;
			knownRegions = (
				en,
				Base,
			);
			mainGroup = D98D331A28E2EBE900397411;
			productRefGroup = D98D332428E2EBE900397411 /* Products */;
			projectDirPath = "";
			projectRoot = "";
			targets = (
				D98D332228E2EBE900397411 /* GitHubApp */,
				D98D333228E2EBEB00397411 /* GitHubAppTests */,
				D98D333C28E2EBEB00397411 /* GitHubAppUITests */,
			);
		};
/* End PBXProject section */

/* Begin PBXResourcesBuildPhase section */
		D98D332128E2EBE900397411 /* Resources */ = {
			isa = PBXResourcesBuildPhase;
			buildActionMask = 2147483647;
			files = (
				D98D332E28E2EBEB00397411 /* Preview Assets.xcassets in Resources */,
				D98D332B28E2EBEB00397411 /* Assets.xcassets in Resources */,
			);
			runOnlyForDeploymentPostprocessing = 0;
		};
		D98D333128E2EBEB00397411 /* Resources */ = {
			isa = PBXResourcesBuildPhase;
			buildActionMask = 2147483647;
			files = (
			);
			runOnlyForDeploymentPostprocessing = 0;
		};
		D98D333B28E2EBEB00397411 /* Resources */ = {
			isa = PBXResourcesBuildPhase;
			buildActionMask = 2147483647;
			files = (
			);
			runOnlyForDeploymentPostprocessing = 0;
		};
/* End PBXResourcesBuildPhase section */

/* Begin PBXSourcesBuildPhase section */
		D98D331F28E2EBE900397411 /* Sources */ = {
			isa = PBXSourcesBuildPhase;
			buildActionMask = 2147483647;
			files = (
				D98D335128E2F17100397411 /* GitHubRepository.swift in Sources */,
				D9F8EEA22B063EF8007EDFB5 /* GitHubViewModel.swift in Sources */,
				D98D332728E2EBE900397411 /* GitHubAppApp.swift in Sources */,
				D9F8EE9D2B063CA3007EDFB5 /* GitHub.swift in Sources */,
				D98D335328E3038A00397411 /* GitHubView.swift in Sources */,
			);
			runOnlyForDeploymentPostprocessing = 0;
		};
		D98D332F28E2EBEB00397411 /* Sources */ = {
			isa = PBXSourcesBuildPhase;
			buildActionMask = 2147483647;
			files = (
				D98D333828E2EBEB00397411 /* GitHubAppTests.swift in Sources */,
			);
			runOnlyForDeploymentPostprocessing = 0;
		};
		D98D333928E2EBEB00397411 /* Sources */ = {
			isa = PBXSourcesBuildPhase;
			buildActionMask = 2147483647;
			files = (
				D98D334228E2EBEB00397411 /* GitHubAppUITests.swift in Sources */,
				D98D334428E2EBEB00397411 /* GitHubAppUITestsLaunchTests.swift in Sources */,
			);
			runOnlyForDeploymentPostprocessing = 0;
		};
/* End PBXSourcesBuildPhase section */

/* Begin PBXTargetDependency section */
		D98D333528E2EBEB00397411 /* PBXTargetDependency */ = {
			isa = PBXTargetDependency;
			target = D98D332228E2EBE900397411 /* GitHubApp */;
			targetProxy = D98D333428E2EBEB00397411 /* PBXContainerItemProxy */;
		};
		D98D333F28E2EBEB00397411 /* PBXTargetDependency */ = {
			isa = PBXTargetDependency;
			target = D98D332228E2EBE900397411 /* GitHubApp */;
			targetProxy = D98D333E28E2EBEB00397411 /* PBXContainerItemProxy */;
		};
/* End PBXTargetDependency section */

/* Begin XCBuildConfiguration section */
		D98D334528E2EBEB00397411 /* Debug */ = {
			isa = XCBuildConfiguration;
			buildSettings = {
				ALWAYS_SEARCH_USER_PATHS = NO;
				CLANG_ANALYZER_NONNULL = YES;
				CLANG_ANALYZER_NUMBER_OBJECT_CONVERSION = YES_AGGRESSIVE;
				CLANG_CXX_LANGUAGE_STANDARD = "gnu++20";
				CLANG_ENABLE_MODULES = YES;
				CLANG_ENABLE_OBJC_ARC = YES;
				CLANG_ENABLE_OBJC_WEAK = YES;
				CLANG_WARN_BLOCK_CAPTURE_AUTORELEASING = YES;
				CLANG_WARN_BOOL_CONVERSION = YES;
				CLANG_WARN_COMMA = YES;
				CLANG_WARN_CONSTANT_CONVERSION = YES;
				CLANG_WARN_DEPRECATED_OBJC_IMPLEMENTATIONS = YES;
				CLANG_WARN_DIRECT_OBJC_ISA_USAGE = YES_ERROR;
				CLANG_WARN_DOCUMENTATION_COMMENTS = YES;
				CLANG_WARN_EMPTY_BODY = YES;
				CLANG_WARN_ENUM_CONVERSION = YES;
				CLANG_WARN_INFINITE_RECURSION = YES;
				CLANG_WARN_INT_CONVERSION = YES;
				CLANG_WARN_NON_LITERAL_NULL_CONVERSION = YES;
				CLANG_WARN_OBJC_IMPLICIT_RETAIN_SELF = YES;
				CLANG_WARN_OBJC_LITERAL_CONVERSION = YES;
				CLANG_WARN_OBJC_ROOT_CLASS = YES_ERROR;
				CLANG_WARN_QUOTED_INCLUDE_IN_FRAMEWORK_HEADER = YES;
				CLANG_WARN_RANGE_LOOP_ANALYSIS = YES;
				CLANG_WARN_STRICT_PROTOTYPES = YES;
				CLANG_WARN_SUSPICIOUS_MOVE = YES;
				CLANG_WARN_UNGUARDED_AVAILABILITY = YES_AGGRESSIVE;
				CLANG_WARN_UNREACHABLE_CODE = YES;
				CLANG_WARN__DUPLICATE_METHOD_MATCH = YES;
				COPY_PHASE_STRIP = NO;
				DEBUG_INFORMATION_FORMAT = dwarf;
				ENABLE_STRICT_OBJC_MSGSEND = YES;
				ENABLE_TESTABILITY = YES;
				ENABLE_USER_SCRIPT_SANDBOXING = YES;
				GCC_C_LANGUAGE_STANDARD = gnu11;
				GCC_DYNAMIC_NO_PIC = NO;
				GCC_NO_COMMON_BLOCKS = YES;
				GCC_OPTIMIZATION_LEVEL = 0;
				GCC_PREPROCESSOR_DEFINITIONS = (
					"DEBUG=1",
					"$(inherited)",
				);
				GCC_WARN_64_TO_32_BIT_CONVERSION = YES;
				GCC_WARN_ABOUT_RETURN_TYPE = YES_ERROR;
				GCC_WARN_UNDECLARED_SELECTOR = YES;
				GCC_WARN_UNINITIALIZED_AUTOS = YES_AGGRESSIVE;
				GCC_WARN_UNUSED_FUNCTION = YES;
				GCC_WARN_UNUSED_VARIABLE = YES;
				IPHONEOS_DEPLOYMENT_TARGET = 16.0;
				MTL_ENABLE_DEBUG_INFO = INCLUDE_SOURCE;
				MTL_FAST_MATH = YES;
				ONLY_ACTIVE_ARCH = YES;
				SDKROOT = iphoneos;
				SWIFT_ACTIVE_COMPILATION_CONDITIONS = DEBUG;
				SWIFT_OPTIMIZATION_LEVEL = "-Onone";
			};
			name = Debug;
		};
		D98D334628E2EBEB00397411 /* Release */ = {
			isa = XCBuildConfiguration;
			buildSettings = {
				ALWAYS_SEARCH_USER_PATHS = NO;
				CLANG_ANALYZER_NONNULL = YES;
				CLANG_ANALYZER_NUMBER_OBJECT_CONVERSION = YES_AGGRESSIVE;
				CLANG_CXX_LANGUAGE_STANDARD = "gnu++20";
				CLANG_ENABLE_MODULES = YES;
				CLANG_ENABLE_OBJC_ARC = YES;
				CLANG_ENABLE_OBJC_WEAK = YES;
				CLANG_WARN_BLOCK_CAPTURE_AUTORELEASING = YES;
				CLANG_WARN_BOOL_CONVERSION = YES;
				CLANG_WARN_COMMA = YES;
				CLANG_WARN_CONSTANT_CONVERSION = YES;
				CLANG_WARN_DEPRECATED_OBJC_IMPLEMENTATIONS = YES;
				CLANG_WARN_DIRECT_OBJC_ISA_USAGE = YES_ERROR;
				CLANG_WARN_DOCUMENTATION_COMMENTS = YES;
				CLANG_WARN_EMPTY_BODY = YES;
				CLANG_WARN_ENUM_CONVERSION = YES;
				CLANG_WARN_INFINITE_RECURSION = YES;
				CLANG_WARN_INT_CONVERSION = YES;
				CLANG_WARN_NON_LITERAL_NULL_CONVERSION = YES;
				CLANG_WARN_OBJC_IMPLICIT_RETAIN_SELF = YES;
				CLANG_WARN_OBJC_LITERAL_CONVERSION = YES;
				CLANG_WARN_OBJC_ROOT_CLASS = YES_ERROR;
				CLANG_WARN_QUOTED_INCLUDE_IN_FRAMEWORK_HEADER = YES;
				CLANG_WARN_RANGE_LOOP_ANALYSIS = YES;
				CLANG_WARN_STRICT_PROTOTYPES = YES;
				CLANG_WARN_SUSPICIOUS_MOVE = YES;
				CLANG_WARN_UNGUARDED_AVAILABILITY = YES_AGGRESSIVE;
				CLANG_WARN_UNREACHABLE_CODE = YES;
				CLANG_WARN__DUPLICATE_METHOD_MATCH = YES;
				COPY_PHASE_STRIP = NO;
				DEBUG_INFORMATION_FORMAT = "dwarf-with-dsym";
				ENABLE_NS_ASSERTIONS = NO;
				ENABLE_STRICT_OBJC_MSGSEND = YES;
				ENABLE_USER_SCRIPT_SANDBOXING = YES;
				GCC_C_LANGUAGE_STANDARD = gnu11;
				GCC_NO_COMMON_BLOCKS = YES;
				GCC_WARN_64_TO_32_BIT_CONVERSION = YES;
				GCC_WARN_ABOUT_RETURN_TYPE = YES_ERROR;
				GCC_WARN_UNDECLARED_SELECTOR = YES;
				GCC_WARN_UNINITIALIZED_AUTOS = YES_AGGRESSIVE;
				GCC_WARN_UNUSED_FUNCTION = YES;
				GCC_WARN_UNUSED_VARIABLE = YES;
				IPHONEOS_DEPLOYMENT_TARGET = 16.0;
				MTL_ENABLE_DEBUG_INFO = NO;
				MTL_FAST_MATH = YES;
				SDKROOT = iphoneos;
				SWIFT_COMPILATION_MODE = wholemodule;
				SWIFT_OPTIMIZATION_LEVEL = "-O";
				VALIDATE_PRODUCT = YES;
			};
			name = Release;
		};
		D98D334828E2EBEB00397411 /* Debug */ = {
			isa = XCBuildConfiguration;
			buildSettings = {
				ASSETCATALOG_COMPILER_APPICON_NAME = AppIcon;
				ASSETCATALOG_COMPILER_GLOBAL_ACCENT_COLOR_NAME = AccentColor;
				CODE_SIGN_STYLE = Automatic;
				CURRENT_PROJECT_VERSION = 1;
				DEVELOPMENT_ASSET_PATHS = "\"GitHubApp/Preview Content\"";
				ENABLE_PREVIEWS = YES;
				GENERATE_INFOPLIST_FILE = YES;
				INFOPLIST_KEY_UIApplicationSceneManifest_Generation = YES;
				INFOPLIST_KEY_UIApplicationSupportsIndirectInputEvents = YES;
				INFOPLIST_KEY_UILaunchScreen_Generation = YES;
				INFOPLIST_KEY_UISupportedInterfaceOrientations_iPad = "UIInterfaceOrientationPortrait UIInterfaceOrientationPortraitUpsideDown UIInterfaceOrientationLandscapeLeft UIInterfaceOrientationLandscapeRight";
				INFOPLIST_KEY_UISupportedInterfaceOrientations_iPhone = "UIInterfaceOrientationPortrait UIInterfaceOrientationLandscapeLeft UIInterfaceOrientationLandscapeRight";
				LD_RUNPATH_SEARCH_PATHS = (
					"$(inherited)",
					"@executable_path/Frameworks",
				);
				MARKETING_VERSION = 1.0;
				PRODUCT_BUNDLE_IDENTIFIER = GitHubApp.GitHubApp;
				PRODUCT_NAME = "$(TARGET_NAME)";
				SWIFT_EMIT_LOC_STRINGS = YES;
				SWIFT_VERSION = 5.0;
				TARGETED_DEVICE_FAMILY = "1,2";
			};
			name = Debug;
		};
		D98D334928E2EBEB00397411 /* Release */ = {
			isa = XCBuildConfiguration;
			buildSettings = {
				ASSETCATALOG_COMPILER_APPICON_NAME = AppIcon;
				ASSETCATALOG_COMPILER_GLOBAL_ACCENT_COLOR_NAME = AccentColor;
				CODE_SIGN_STYLE = Automatic;
				CURRENT_PROJECT_VERSION = 1;
				DEVELOPMENT_ASSET_PATHS = "\"GitHubApp/Preview Content\"";
				ENABLE_PREVIEWS = YES;
				GENERATE_INFOPLIST_FILE = YES;
				INFOPLIST_KEY_UIApplicationSceneManifest_Generation = YES;
				INFOPLIST_KEY_UIApplicationSupportsIndirectInputEvents = YES;
				INFOPLIST_KEY_UILaunchScreen_Generation = YES;
				INFOPLIST_KEY_UISupportedInterfaceOrientations_iPad = "UIInterfaceOrientationPortrait UIInterfaceOrientationPortraitUpsideDown UIInterfaceOrientationLandscapeLeft UIInterfaceOrientationLandscapeRight";
				INFOPLIST_KEY_UISupportedInterfaceOrientations_iPhone = "UIInterfaceOrientationPortrait UIInterfaceOrientationLandscapeLeft UIInterfaceOrientationLandscapeRight";
				LD_RUNPATH_SEARCH_PATHS = (
					"$(inherited)",
					"@executable_path/Frameworks",
				);
				MARKETING_VERSION = 1.0;
				PRODUCT_BUNDLE_IDENTIFIER = GitHubApp.GitHubApp;
				PRODUCT_NAME = "$(TARGET_NAME)";
				SWIFT_EMIT_LOC_STRINGS = YES;
				SWIFT_VERSION = 5.0;
				TARGETED_DEVICE_FAMILY = "1,2";
			};
			name = Release;
		};
		D98D334B28E2EBEB00397411 /* Debug */ = {
			isa = XCBuildConfiguration;
			buildSettings = {
				ALWAYS_EMBED_SWIFT_STANDARD_LIBRARIES = YES;
				BUNDLE_LOADER = "$(TEST_HOST)";
				CODE_SIGN_STYLE = Automatic;
				CURRENT_PROJECT_VERSION = 1;
				GENERATE_INFOPLIST_FILE = YES;
				IPHONEOS_DEPLOYMENT_TARGET = 16.0;
				MARKETING_VERSION = 1.0;
				PRODUCT_BUNDLE_IDENTIFIER = GitHubApp.GitHubAppTests;
				PRODUCT_NAME = "$(TARGET_NAME)";
				SWIFT_EMIT_LOC_STRINGS = NO;
				SWIFT_VERSION = 5.0;
				TARGETED_DEVICE_FAMILY = "1,2";
				TEST_HOST = "$(BUILT_PRODUCTS_DIR)/GitHubApp.app/$(BUNDLE_EXECUTABLE_FOLDER_PATH)/GitHubApp";
			};
			name = Debug;
		};
		D98D334C28E2EBEB00397411 /* Release */ = {
			isa = XCBuildConfiguration;
			buildSettings = {
				ALWAYS_EMBED_SWIFT_STANDARD_LIBRARIES = YES;
				BUNDLE_LOADER = "$(TEST_HOST)";
				CODE_SIGN_STYLE = Automatic;
				CURRENT_PROJECT_VERSION = 1;
				GENERATE_INFOPLIST_FILE = YES;
				IPHONEOS_DEPLOYMENT_TARGET = 16.0;
				MARKETING_VERSION = 1.0;
				PRODUCT_BUNDLE_IDENTIFIER = GitHubApp.GitHubAppTests;
				PRODUCT_NAME = "$(TARGET_NAME)";
				SWIFT_EMIT_LOC_STRINGS = NO;
				SWIFT_VERSION = 5.0;
				TARGETED_DEVICE_FAMILY = "1,2";
				TEST_HOST = "$(BUILT_PRODUCTS_DIR)/GitHubApp.app/$(BUNDLE_EXECUTABLE_FOLDER_PATH)/GitHubApp";
			};
			name = Release;
		};
		D98D334E28E2EBEB00397411 /* Debug */ = {
			isa = XCBuildConfiguration;
			buildSettings = {
				ALWAYS_EMBED_SWIFT_STANDARD_LIBRARIES = YES;
				CODE_SIGN_STYLE = Automatic;
				CURRENT_PROJECT_VERSION = 1;
				GENERATE_INFOPLIST_FILE = YES;
				MARKETING_VERSION = 1.0;
				PRODUCT_BUNDLE_IDENTIFIER = GitHubApp.GitHubAppUITests;
				PRODUCT_NAME = "$(TARGET_NAME)";
				SWIFT_EMIT_LOC_STRINGS = NO;
				SWIFT_VERSION = 5.0;
				TARGETED_DEVICE_FAMILY = "1,2";
				TEST_TARGET_NAME = GitHubApp;
			};
			name = Debug;
		};
		D98D334F28E2EBEB00397411 /* Release */ = {
			isa = XCBuildConfiguration;
			buildSettings = {
				ALWAYS_EMBED_SWIFT_STANDARD_LIBRARIES = YES;
				CODE_SIGN_STYLE = Automatic;
				CURRENT_PROJECT_VERSION = 1;
				GENERATE_INFOPLIST_FILE = YES;
				MARKETING_VERSION = 1.0;
				PRODUCT_BUNDLE_IDENTIFIER = GitHubApp.GitHubAppUITests;
				PRODUCT_NAME = "$(TARGET_NAME)";
				SWIFT_EMIT_LOC_STRINGS = NO;
				SWIFT_VERSION = 5.0;
				TARGETED_DEVICE_FAMILY = "1,2";
				TEST_TARGET_NAME = GitHubApp;
			};
			name = Release;
		};
/* End XCBuildConfiguration section */

/* Begin XCConfigurationList section */
		D98D331E28E2EBE900397411 /* Build configuration list for PBXProject "GitHubApp" */ = {
			isa = XCConfigurationList;
			buildConfigurations = (
				D98D334528E2EBEB00397411 /* Debug */,
				D98D334628E2EBEB00397411 /* Release */,
			);
			defaultConfigurationIsVisible = 0;
			defaultConfigurationName = Release;
		};
		D98D334728E2EBEB00397411 /* Build configuration list for PBXNativeTarget "GitHubApp" */ = {
			isa = XCConfigurationList;
			buildConfigurations = (
				D98D334828E2EBEB00397411 /* Debug */,
				D98D334928E2EBEB00397411 /* Release */,
			);
			defaultConfigurationIsVisible = 0;
			defaultConfigurationName = Release;
		};
		D98D334A28E2EBEB00397411 /* Build configuration list for PBXNativeTarget "GitHubAppTests" */ = {
			isa = XCConfigurationList;
			buildConfigurations = (
				D98D334B28E2EBEB00397411 /* Debug */,
				D98D334C28E2EBEB00397411 /* Release */,
			);
			defaultConfigurationIsVisible = 0;
			defaultConfigurationName = Release;
		};
		D98D334D28E2EBEB00397411 /* Build configuration list for PBXNativeTarget "GitHubAppUITests" */ = {
			isa = XCConfigurationList;
			buildConfigurations = (
				D98D334E28E2EBEB00397411 /* Debug */,
				D98D334F28E2EBEB00397411 /* Release */,
			);
			defaultConfigurationIsVisible = 0;
			defaultConfigurationName = Release;
		};
/* End XCConfigurationList section */
	};
	rootObject = D98D331B28E2EBE900397411 /* Project object */;
}
